
Microsoft Visual Studio Solution File, Format Version 12.00
# Visual Studio Version 17
VisualStudioVersion = 17.7.34031.279
MinimumVisualStudioVersion = 10.0.40219.1
Project("{8BC9CEB8-8B4A-11D0-8D11-00A0C91BC942}") = "PasswordGenerator", "PasswordGenerator\PasswordGenerator.vcxproj", "{7A686C9D-2011-4F86-A51B-6DD9348571C9}"
EndProject
Project("{2150E333-8FDC-42A3-9474-1A3956D46DE8}") = "1_ProjectDescribe", "1_ProjectDescribe", "{353E8639-96A7-4097-8F1F-78A3F391E40C}"
	ProjectSection(SolutionItems) = preProject
		README.md = README.md
		PasswordManager类的依赖关系图.vsdx = PasswordManager类的依赖关系图.vsdx
		软件架构图.vsdx = 软件架构图.vsdx
	EndProjectSection
EndProject
Project("{8BC9CEB8-8B4A-11D0-8D11-00A0C91BC942}") = "MyLoginWindow", "MyLoginWindow\MyLoginWindow.vcxproj", "{EAE0FD3B-DED3-41F9-8CB5-CD64946382F3}"
EndProject
Project("{8BC9CEB8-8B4A-11D0-8D11-00A0C91BC942}") = "LocalizationStringModule", "LocalizationStringModule\LocalizationStringModule.vcxproj", "{ECAFBA0E-9DCE-421D-A251-81F42F8BF8AB}"
EndProject
Project("{8BC9CEB8-8B4A-11D0-8D11-00A0C91BC942}") = "LocalizationStringManager", "LocalizationStringManager\LocalizationStringManager.vcxproj", "{D3AC281D-0E96-4BAC-82CF-745C21332A43}"
	ProjectSection(ProjectDependencies) = postProject
		{ECAFBA0E-9DCE-421D-A251-81F42F8BF8AB} = {ECAFBA0E-9DCE-421D-A251-81F42F8BF8AB}
	EndProjectSection
EndProject
Project("{8BC9CEB8-8B4A-11D0-8D11-00A0C91BC942}") = "LocalConfigurationLoader", "Localconfigurationloader\Localconfigurationloader.vcxproj", "{C16F2878-AC9A-481B-9818-9791E9710D06}"
EndProject
Project("{8BC9CEB8-8B4A-11D0-8D11-00A0C91BC942}") = "TestFor_accountStoreSaveInXML", "TestFor_accountStoreSaveInXML\TestFor_accountStoreSaveInXML.vcxproj", "{5CB5455B-3E82-444C-B49A-FE67E566F1AF}"
EndProject
Project("{8BC9CEB8-8B4A-11D0-8D11-00A0C91BC942}") = "DialogNewAccount", "DialogNewAccount\DialogNewAccount.vcxproj", "{A00CB35F-DFC7-400E-9040-1FA23D5A76D1}"
EndProject
Project("{2150E333-8FDC-42A3-9474-1A3956D46DE8}") = "QtProject", "QtProject", "{0B6E3891-D60B-4161-94CE-BEBB227051CB}"
EndProject
Project("{2150E333-8FDC-42A3-9474-1A3956D46DE8}") = "Test", "Test", "{6DC59AF5-57C9-438E-93C5-4EF8CC2B8211}"
EndProject
Project("{2150E333-8FDC-42A3-9474-1A3956D46DE8}") = "Componet", "Componet", "{60E0B770-2B5E-49AC-88C0-B6CD08A84B73}"
EndProject
Project("{2150E333-8FDC-42A3-9474-1A3956D46DE8}") = "developmentTools", "developmentTools", "{B31087AD-E424-4A6D-A3AA-2866A9E0EBF5}"
EndProject
Project("{8BC9CEB8-8B4A-11D0-8D11-00A0C91BC942}") = "AccountTableModule", "AccountTableModule\AccountTableModule.vcxproj", "{2B74C167-9C30-40A6-B1EA-9A39FA78D65B}"
EndProject
Project("{8BC9CEB8-8B4A-11D0-8D11-00A0C91BC942}") = "PasswordEncrpyModule", "PasswordEncrpyModule\PasswordEncrpyModule.vcxproj", "{177DE045-9865-4E9A-A550-52B0362542F0}"
EndProject
Project("{2150E333-8FDC-42A3-9474-1A3956D46DE8}") = "AccountTable", "AccountTable", "{3A901397-5408-436F-864A-2DA95D91D926}"
EndProject
Project("{2150E333-8FDC-42A3-9474-1A3956D46DE8}") = "config", "config", "{AF62E207-7D3E-4D62-8D89-FD4A6220C2B4}"
EndProject
Project("{8BC9CEB8-8B4A-11D0-8D11-00A0C91BC942}") = "PortalAccountTable", "PortalAccountTable\PortalAccountTable.vcxproj", "{3D852240-1CA2-4C5D-8476-B0AAACE450A8}"
EndProject
Project("{8BC9CEB8-8B4A-11D0-8D11-00A0C91BC942}") = "DialogAddExistAccount", "DialogAddExistAccount\DialogAddExistAccount.vcxproj", "{1F1B9A78-9A39-48BD-92A1-0C1C0B3497EF}"
EndProject
Global
	GlobalSection(SolutionConfigurationPlatforms) = preSolution
		Debug|x64 = Debug|x64
		Debug|x86 = Debug|x86
		Release|x64 = Release|x64
		Release|x86 = Release|x86
	EndGlobalSection
	GlobalSection(ProjectConfigurationPlatforms) = postSolution
		{7A686C9D-2011-4F86-A51B-6DD9348571C9}.Debug|x64.ActiveCfg = Debug|x64
		{7A686C9D-2011-4F86-A51B-6DD9348571C9}.Debug|x64.Build.0 = Debug|x64
		{7A686C9D-2011-4F86-A51B-6DD9348571C9}.Debug|x86.ActiveCfg = Debug|x64
		{7A686C9D-2011-4F86-A51B-6DD9348571C9}.Debug|x86.Build.0 = Debug|x64
		{7A686C9D-2011-4F86-A51B-6DD9348571C9}.Release|x64.ActiveCfg = Release|x64
		{7A686C9D-2011-4F86-A51B-6DD9348571C9}.Release|x64.Build.0 = Release|x64
		{7A686C9D-2011-4F86-A51B-6DD9348571C9}.Release|x86.ActiveCfg = Release|x64
		{7A686C9D-2011-4F86-A51B-6DD9348571C9}.Release|x86.Build.0 = Release|x64
		{EAE0FD3B-DED3-41F9-8CB5-CD64946382F3}.Debug|x64.ActiveCfg = Debug|x64
		{EAE0FD3B-DED3-41F9-8CB5-CD64946382F3}.Debug|x64.Build.0 = Debug|x64
		{EAE0FD3B-DED3-41F9-8CB5-CD64946382F3}.Debug|x86.ActiveCfg = Debug|x64
		{EAE0FD3B-DED3-41F9-8CB5-CD64946382F3}.Debug|x86.Build.0 = Debug|x64
		{EAE0FD3B-DED3-41F9-8CB5-CD64946382F3}.Release|x64.ActiveCfg = Release|x64
		{EAE0FD3B-DED3-41F9-8CB5-CD64946382F3}.Release|x64.Build.0 = Release|x64
		{EAE0FD3B-DED3-41F9-8CB5-CD64946382F3}.Release|x86.ActiveCfg = Release|x64
		{EAE0FD3B-DED3-41F9-8CB5-CD64946382F3}.Release|x86.Build.0 = Release|x64
		{ECAFBA0E-9DCE-421D-A251-81F42F8BF8AB}.Debug|x64.ActiveCfg = Debug|x64
		{ECAFBA0E-9DCE-421D-A251-81F42F8BF8AB}.Debug|x64.Build.0 = Debug|x64
		{ECAFBA0E-9DCE-421D-A251-81F42F8BF8AB}.Debug|x86.ActiveCfg = Debug|Win32
		{ECAFBA0E-9DCE-421D-A251-81F42F8BF8AB}.Debug|x86.Build.0 = Debug|Win32
		{ECAFBA0E-9DCE-421D-A251-81F42F8BF8AB}.Release|x64.ActiveCfg = Release|x64
		{ECAFBA0E-9DCE-421D-A251-81F42F8BF8AB}.Release|x64.Build.0 = Release|x64
		{ECAFBA0E-9DCE-421D-A251-81F42F8BF8AB}.Release|x86.ActiveCfg = Release|Win32
		{ECAFBA0E-9DCE-421D-A251-81F42F8BF8AB}.Release|x86.Build.0 = Release|Win32
		{D3AC281D-0E96-4BAC-82CF-745C21332A43}.Debug|x64.ActiveCfg = Debug|x64
		{D3AC281D-0E96-4BAC-82CF-745C21332A43}.Debug|x64.Build.0 = Debug|x64
		{D3AC281D-0E96-4BAC-82CF-745C21332A43}.Debug|x86.ActiveCfg = Debug|x64
		{D3AC281D-0E96-4BAC-82CF-745C21332A43}.Debug|x86.Build.0 = Debug|x64
		{D3AC281D-0E96-4BAC-82CF-745C21332A43}.Release|x64.ActiveCfg = Release|x64
		{D3AC281D-0E96-4BAC-82CF-745C21332A43}.Release|x64.Build.0 = Release|x64
		{D3AC281D-0E96-4BAC-82CF-745C21332A43}.Release|x86.ActiveCfg = Release|x64
		{D3AC281D-0E96-4BAC-82CF-745C21332A43}.Release|x86.Build.0 = Release|x64
		{C16F2878-AC9A-481B-9818-9791E9710D06}.Debug|x64.ActiveCfg = Debug|x64
		{C16F2878-AC9A-481B-9818-9791E9710D06}.Debug|x64.Build.0 = Debug|x64
		{C16F2878-AC9A-481B-9818-9791E9710D06}.Debug|x86.ActiveCfg = Debug|Win32
		{C16F2878-AC9A-481B-9818-9791E9710D06}.Debug|x86.Build.0 = Debug|Win32
		{C16F2878-AC9A-481B-9818-9791E9710D06}.Release|x64.ActiveCfg = Release|x64
		{C16F2878-AC9A-481B-9818-9791E9710D06}.Release|x64.Build.0 = Release|x64
		{C16F2878-AC9A-481B-9818-9791E9710D06}.Release|x86.ActiveCfg = Release|Win32
		{C16F2878-AC9A-481B-9818-9791E9710D06}.Release|x86.Build.0 = Release|Win32
		{5CB5455B-3E82-444C-B49A-FE67E566F1AF}.Debug|x64.ActiveCfg = Debug|x64
		{5CB5455B-3E82-444C-B49A-FE67E566F1AF}.Debug|x64.Build.0 = Debug|x64
		{5CB5455B-3E82-444C-B49A-FE67E566F1AF}.Debug|x86.ActiveCfg = Debug|Win32
		{5CB5455B-3E82-444C-B49A-FE67E566F1AF}.Debug|x86.Build.0 = Debug|Win32
		{5CB5455B-3E82-444C-B49A-FE67E566F1AF}.Release|x64.ActiveCfg = Release|x64
		{5CB5455B-3E82-444C-B49A-FE67E566F1AF}.Release|x64.Build.0 = Release|x64
		{5CB5455B-3E82-444C-B49A-FE67E566F1AF}.Release|x86.ActiveCfg = Release|Win32
		{5CB5455B-3E82-444C-B49A-FE67E566F1AF}.Release|x86.Build.0 = Release|Win32
		{A00CB35F-DFC7-400E-9040-1FA23D5A76D1}.Debug|x64.ActiveCfg = Debug|x64
		{A00CB35F-DFC7-400E-9040-1FA23D5A76D1}.Debug|x64.Build.0 = Debug|x64
		{A00CB35F-DFC7-400E-9040-1FA23D5A76D1}.Debug|x86.ActiveCfg = Debug|x64
		{A00CB35F-DFC7-400E-9040-1FA23D5A76D1}.Debug|x86.Build.0 = Debug|x64
		{A00CB35F-DFC7-400E-9040-1FA23D5A76D1}.Release|x64.ActiveCfg = Release|x64
		{A00CB35F-DFC7-400E-9040-1FA23D5A76D1}.Release|x64.Build.0 = Release|x64
		{A00CB35F-DFC7-400E-9040-1FA23D5A76D1}.Release|x86.ActiveCfg = Release|x64
		{A00CB35F-DFC7-400E-9040-1FA23D5A76D1}.Release|x86.Build.0 = Release|x64
		{2B74C167-9C30-40A6-B1EA-9A39FA78D65B}.Debug|x64.ActiveCfg = Debug|x64
		{2B74C167-9C30-40A6-B1EA-9A39FA78D65B}.Debug|x64.Build.0 = Debug|x64
		{2B74C167-9C30-40A6-B1EA-9A39FA78D65B}.Debug|x86.ActiveCfg = Debug|Win32
		{2B74C167-9C30-40A6-B1EA-9A39FA78D65B}.Debug|x86.Build.0 = Debug|Win32
		{2B74C167-9C30-40A6-B1EA-9A39FA78D65B}.Release|x64.ActiveCfg = Release|x64
		{2B74C167-9C30-40A6-B1EA-9A39FA78D65B}.Release|x64.Build.0 = Release|x64
		{2B74C167-9C30-40A6-B1EA-9A39FA78D65B}.Release|x86.ActiveCfg = Release|Win32
		{2B74C167-9C30-40A6-B1EA-9A39FA78D65B}.Release|x86.Build.0 = Release|Win32
		{177DE045-9865-4E9A-A550-52B0362542F0}.Debug|x64.ActiveCfg = Debug|x64
		{177DE045-9865-4E9A-A550-52B0362542F0}.Debug|x64.Build.0 = Debug|x64
		{177DE045-9865-4E9A-A550-52B0362542F0}.Debug|x86.ActiveCfg = Debug|Win32
		{177DE045-9865-4E9A-A550-52B0362542F0}.Debug|x86.Build.0 = Debug|Win32
		{177DE045-9865-4E9A-A550-52B0362542F0}.Release|x64.ActiveCfg = Release|x64
		{177DE045-9865-4E9A-A550-52B0362542F0}.Release|x64.Build.0 = Release|x64
		{177DE045-9865-4E9A-A550-52B0362542F0}.Release|x86.ActiveCfg = Release|Win32
		{177DE045-9865-4E9A-A550-52B0362542F0}.Release|x86.Build.0 = Release|Win32
		{3D852240-1CA2-4C5D-8476-B0AAACE450A8}.Debug|x64.ActiveCfg = Debug|x64
		{3D852240-1CA2-4C5D-8476-B0AAACE450A8}.Debug|x64.Build.0 = Debug|x64
		{3D852240-1CA2-4C5D-8476-B0AAACE450A8}.Debug|x86.ActiveCfg = Debug|Win32
		{3D852240-1CA2-4C5D-8476-B0AAACE450A8}.Debug|x86.Build.0 = Debug|Win32
		{3D852240-1CA2-4C5D-8476-B0AAACE450A8}.Release|x64.ActiveCfg = Release|x64
		{3D852240-1CA2-4C5D-8476-B0AAACE450A8}.Release|x64.Build.0 = Release|x64
		{3D852240-1CA2-4C5D-8476-B0AAACE450A8}.Release|x86.ActiveCfg = Release|Win32
		{3D852240-1CA2-4C5D-8476-B0AAACE450A8}.Release|x86.Build.0 = Release|Win32
		{1F1B9A78-9A39-48BD-92A1-0C1C0B3497EF}.Debug|x64.ActiveCfg = Debug|x64
		{1F1B9A78-9A39-48BD-92A1-0C1C0B3497EF}.Debug|x64.Build.0 = Debug|x64
		{1F1B9A78-9A39-48BD-92A1-0C1C0B3497EF}.Debug|x86.ActiveCfg = Debug|x64
		{1F1B9A78-9A39-48BD-92A1-0C1C0B3497EF}.Debug|x86.Build.0 = Debug|x64
		{1F1B9A78-9A39-48BD-92A1-0C1C0B3497EF}.Release|x64.ActiveCfg = Release|x64
		{1F1B9A78-9A39-48BD-92A1-0C1C0B3497EF}.Release|x64.Build.0 = Release|x64
		{1F1B9A78-9A39-48BD-92A1-0C1C0B3497EF}.Release|x86.ActiveCfg = Release|x64
		{1F1B9A78-9A39-48BD-92A1-0C1C0B3497EF}.Release|x86.Build.0 = Release|x64
	EndGlobalSection
	GlobalSection(SolutionProperties) = preSolution
		HideSolutionNode = FALSE
	EndGlobalSection
	GlobalSection(NestedProjects) = preSolution
		{7A686C9D-2011-4F86-A51B-6DD9348571C9} = {0B6E3891-D60B-4161-94CE-BEBB227051CB}
		{EAE0FD3B-DED3-41F9-8CB5-CD64946382F3} = {0B6E3891-D60B-4161-94CE-BEBB227051CB}
		{ECAFBA0E-9DCE-421D-A251-81F42F8BF8AB} = {AF62E207-7D3E-4D62-8D89-FD4A6220C2B4}
		{D3AC281D-0E96-4BAC-82CF-745C21332A43} = {B31087AD-E424-4A6D-A3AA-2866A9E0EBF5}
		{C16F2878-AC9A-481B-9818-9791E9710D06} = {AF62E207-7D3E-4D62-8D89-FD4A6220C2B4}
		{5CB5455B-3E82-444C-B49A-FE67E566F1AF} = {6DC59AF5-57C9-438E-93C5-4EF8CC2B8211}
		{A00CB35F-DFC7-400E-9040-1FA23D5A76D1} = {0B6E3891-D60B-4161-94CE-BEBB227051CB}
		{2B74C167-9C30-40A6-B1EA-9A39FA78D65B} = {3A901397-5408-436F-864A-2DA95D91D926}
		{177DE045-9865-4E9A-A550-52B0362542F0} = {3A901397-5408-436F-864A-2DA95D91D926}
		{3A901397-5408-436F-864A-2DA95D91D926} = {60E0B770-2B5E-49AC-88C0-B6CD08A84B73}
		{AF62E207-7D3E-4D62-8D89-FD4A6220C2B4} = {60E0B770-2B5E-49AC-88C0-B6CD08A84B73}
		{3D852240-1CA2-4C5D-8476-B0AAACE450A8} = {3A901397-5408-436F-864A-2DA95D91D926}
		{1F1B9A78-9A39-48BD-92A1-0C1C0B3497EF} = {0B6E3891-D60B-4161-94CE-BEBB227051CB}
	EndGlobalSection
	GlobalSection(ExtensibilityGlobals) = postSolution
		SolutionGuid = {2E44DCEF-64D6-4D60-AB09-E38466BF1B0C}
	EndGlobalSection
EndGlobal
