
Microsoft Visual Studio Solution File, Format Version 12.00
# Visual Studio Version 17
VisualStudioVersion = 17.7.34031.279
MinimumVisualStudioVersion = 10.0.40219.1
Project("{8BC9CEB8-8B4A-11D0-8D11-00A0C91BC942}") = "PasswordGenerator", "PasswordGenerator\PasswordGenerator.vcxproj", "{7A686C9D-2011-4F86-A51B-6DD9348571C9}"
EndProject
Project("{2150E333-8FDC-42A3-9474-1A3956D46DE8}") = "ProjectDescribe", "ProjectDescribe", "{353E8639-96A7-4097-8F1F-78A3F391E40C}"
	ProjectSection(SolutionItems) = preProject
		README.md = README.md
	EndProjectSection
EndProject
Project("{8BC9CEB8-8B4A-11D0-8D11-00A0C91BC942}") = "MyLoginWindow", "MyLoginWindow\MyLoginWindow.vcxproj", "{EAE0FD3B-DED3-41F9-8CB5-CD64946382F3}"
EndProject
Project("{8BC9CEB8-8B4A-11D0-8D11-00A0C91BC942}") = "LocalizationStringModule", "LocalizationStringModule\LocalizationStringModule.vcxproj", "{ECAFBA0E-9DCE-421D-A251-81F42F8BF8AB}"
EndProject
Project("{8BC9CEB8-8B4A-11D0-8D11-00A0C91BC942}") = "LocalizationStringManager", "LocalizationStringManager\LocalizationStringManager.vcxproj", "{D3AC281D-0E96-4BAC-82CF-745C21332A43}"
	ProjectSection(ProjectDependencies) = postProject
		{ECAFBA0E-9DCE-421D-A251-81F42F8BF8AB} = {ECAFBA0E-9DCE-421D-A251-81F42F8BF8AB}
	EndProjectSection
EndProject
Project("{8BC9CEB8-8B4A-11D0-8D11-00A0C91BC942}") = "LocalConfigurationLoader", "Localconfigurationloader\Localconfigurationloader.vcxproj", "{C16F2878-AC9A-481B-9818-9791E9710D06}"
EndProject
Project("{8BC9CEB8-8B4A-11D0-8D11-00A0C91BC942}") = "TestFor_accountStoreSaveInXML", "TestFor_accountStoreSaveInXML\TestFor_accountStoreSaveInXML.vcxproj", "{5CB5455B-3E82-444C-B49A-FE67E566F1AF}"
EndProject
Global
	GlobalSection(SolutionConfigurationPlatforms) = preSolution
		Debug|x64 = Debug|x64
		Debug|x86 = Debug|x86
		Release|x64 = Release|x64
		Release|x86 = Release|x86
	EndGlobalSection
	GlobalSection(ProjectConfigurationPlatforms) = postSolution
		{7A686C9D-2011-4F86-A51B-6DD9348571C9}.Debug|x64.ActiveCfg = Debug|x64
		{7A686C9D-2011-4F86-A51B-6DD9348571C9}.Debug|x64.Build.0 = Debug|x64
		{7A686C9D-2011-4F86-A51B-6DD9348571C9}.Debug|x86.ActiveCfg = Debug|x64
		{7A686C9D-2011-4F86-A51B-6DD9348571C9}.Debug|x86.Build.0 = Debug|x64
		{7A686C9D-2011-4F86-A51B-6DD9348571C9}.Release|x64.ActiveCfg = Release|x64
		{7A686C9D-2011-4F86-A51B-6DD9348571C9}.Release|x64.Build.0 = Release|x64
		{7A686C9D-2011-4F86-A51B-6DD9348571C9}.Release|x86.ActiveCfg = Release|x64
		{7A686C9D-2011-4F86-A51B-6DD9348571C9}.Release|x86.Build.0 = Release|x64
		{EAE0FD3B-DED3-41F9-8CB5-CD64946382F3}.Debug|x64.ActiveCfg = Debug|x64
		{EAE0FD3B-DED3-41F9-8CB5-CD64946382F3}.Debug|x64.Build.0 = Debug|x64
		{EAE0FD3B-DED3-41F9-8CB5-CD64946382F3}.Debug|x86.ActiveCfg = Debug|x64
		{EAE0FD3B-DED3-41F9-8CB5-CD64946382F3}.Debug|x86.Build.0 = Debug|x64
		{EAE0FD3B-DED3-41F9-8CB5-CD64946382F3}.Release|x64.ActiveCfg = Release|x64
		{EAE0FD3B-DED3-41F9-8CB5-CD64946382F3}.Release|x64.Build.0 = Release|x64
		{EAE0FD3B-DED3-41F9-8CB5-CD64946382F3}.Release|x86.ActiveCfg = Release|x64
		{EAE0FD3B-DED3-41F9-8CB5-CD64946382F3}.Release|x86.Build.0 = Release|x64
		{ECAFBA0E-9DCE-421D-A251-81F42F8BF8AB}.Debug|x64.ActiveCfg = Debug|x64
		{ECAFBA0E-9DCE-421D-A251-81F42F8BF8AB}.Debug|x64.Build.0 = Debug|x64
		{ECAFBA0E-9DCE-421D-A251-81F42F8BF8AB}.Debug|x86.ActiveCfg = Debug|Win32
		{ECAFBA0E-9DCE-421D-A251-81F42F8BF8AB}.Debug|x86.Build.0 = Debug|Win32
		{ECAFBA0E-9DCE-421D-A251-81F42F8BF8AB}.Release|x64.ActiveCfg = Release|x64
		{ECAFBA0E-9DCE-421D-A251-81F42F8BF8AB}.Release|x64.Build.0 = Release|x64
		{ECAFBA0E-9DCE-421D-A251-81F42F8BF8AB}.Release|x86.ActiveCfg = Release|Win32
		{ECAFBA0E-9DCE-421D-A251-81F42F8BF8AB}.Release|x86.Build.0 = Release|Win32
		{D3AC281D-0E96-4BAC-82CF-745C21332A43}.Debug|x64.ActiveCfg = Debug|x64
		{D3AC281D-0E96-4BAC-82CF-745C21332A43}.Debug|x64.Build.0 = Debug|x64
		{D3AC281D-0E96-4BAC-82CF-745C21332A43}.Debug|x86.ActiveCfg = Debug|x64
		{D3AC281D-0E96-4BAC-82CF-745C21332A43}.Debug|x86.Build.0 = Debug|x64
		{D3AC281D-0E96-4BAC-82CF-745C21332A43}.Release|x64.ActiveCfg = Release|x64
		{D3AC281D-0E96-4BAC-82CF-745C21332A43}.Release|x64.Build.0 = Release|x64
		{D3AC281D-0E96-4BAC-82CF-745C21332A43}.Release|x86.ActiveCfg = Release|x64
		{D3AC281D-0E96-4BAC-82CF-745C21332A43}.Release|x86.Build.0 = Release|x64
		{C16F2878-AC9A-481B-9818-9791E9710D06}.Debug|x64.ActiveCfg = Debug|x64
		{C16F2878-AC9A-481B-9818-9791E9710D06}.Debug|x64.Build.0 = Debug|x64
		{C16F2878-AC9A-481B-9818-9791E9710D06}.Debug|x86.ActiveCfg = Debug|Win32
		{C16F2878-AC9A-481B-9818-9791E9710D06}.Debug|x86.Build.0 = Debug|Win32
		{C16F2878-AC9A-481B-9818-9791E9710D06}.Release|x64.ActiveCfg = Release|x64
		{C16F2878-AC9A-481B-9818-9791E9710D06}.Release|x64.Build.0 = Release|x64
		{C16F2878-AC9A-481B-9818-9791E9710D06}.Release|x86.ActiveCfg = Release|Win32
		{C16F2878-AC9A-481B-9818-9791E9710D06}.Release|x86.Build.0 = Release|Win32
		{5CB5455B-3E82-444C-B49A-FE67E566F1AF}.Debug|x64.ActiveCfg = Debug|x64
		{5CB5455B-3E82-444C-B49A-FE67E566F1AF}.Debug|x64.Build.0 = Debug|x64
		{5CB5455B-3E82-444C-B49A-FE67E566F1AF}.Debug|x86.ActiveCfg = Debug|Win32
		{5CB5455B-3E82-444C-B49A-FE67E566F1AF}.Debug|x86.Build.0 = Debug|Win32
		{5CB5455B-3E82-444C-B49A-FE67E566F1AF}.Release|x64.ActiveCfg = Release|x64
		{5CB5455B-3E82-444C-B49A-FE67E566F1AF}.Release|x64.Build.0 = Release|x64
		{5CB5455B-3E82-444C-B49A-FE67E566F1AF}.Release|x86.ActiveCfg = Release|Win32
		{5CB5455B-3E82-444C-B49A-FE67E566F1AF}.Release|x86.Build.0 = Release|Win32
	EndGlobalSection
	GlobalSection(SolutionProperties) = preSolution
		HideSolutionNode = FALSE
	EndGlobalSection
	GlobalSection(ExtensibilityGlobals) = postSolution
		SolutionGuid = {2E44DCEF-64D6-4D60-AB09-E38466BF1B0C}
	EndGlobalSection
EndGlobal
